
Microsoft Visual Studio Solution File, Format Version 12.00
# Visual Studio Version 16
VisualStudioVersion = 16.0.30717.126
MinimumVisualStudioVersion = 10.0.40219.1
Project("{FAE04EC0-301F-11D3-BF4B-00C04F79EFBC}") = "w", "w.csproj", "{71324876-D8DD-468E-8B3F-34A193D8D9FF}"
EndProject
Global
	GlobalSection(SolutionConfigurationPlatforms) = preSolution
		Debug|Any CPU = Debug|Any CPU
		Release|Any CPU = Release|Any CPU
	EndGlobalSection
	GlobalSection(ProjectConfigurationPlatforms) = postSolution
		{71324876-D8DD-468E-8B3F-34A193D8D9FF}.Debug|Any CPU.ActiveCfg = Debug|Any CPU
		{71324876-D8DD-468E-8B3F-34A193D8D9FF}.Debug|Any CPU.Build.0 = Debug|Any CPU
		{71324876-D8DD-468E-8B3F-34A193D8D9FF}.Release|Any CPU.ActiveCfg = Release|Any CPU
		{71324876-D8DD-468E-8B3F-34A193D8D9FF}.Release|Any CPU.Build.0 = Release|Any CPU
	EndGlobalSection
	GlobalSection(SolutionProperties) = preSolution
		HideSolutionNode = FALSE
	EndGlobalSection
	GlobalSection(ExtensibilityGlobals) = postSolution
		SolutionGuid = {FC66E101-B3A8-4A17-9DBA-9D91EC14B115}
	EndGlobalSection
EndGlobal
